
Microsoft Visual Studio Solution File, Format Version 12.00
# Visual Studio Version 17
VisualStudioVersion = 17.8.34525.116
MinimumVisualStudioVersion = 10.0.40219.1
Project("{FAE04EC0-301F-11D3-BF4B-00C04F79EFBC}") = "EX2", "EX2.csproj", "{05F85CD1-4F82-4775-9A45-42AA235CDEF6}"
EndProject
Global
	GlobalSection(SolutionConfigurationPlatforms) = preSolution
		Debug|Any CPU = Debug|Any CPU
		Release|Any CPU = Release|Any CPU
	EndGlobalSection
	GlobalSection(ProjectConfigurationPlatforms) = postSolution
		{05F85CD1-4F82-4775-9A45-42AA235CDEF6}.Debug|Any CPU.ActiveCfg = Debug|Any CPU
		{05F85CD1-4F82-4775-9A45-42AA235CDEF6}.Debug|Any CPU.Build.0 = Debug|Any CPU
		{05F85CD1-4F82-4775-9A45-42AA235CDEF6}.Release|Any CPU.ActiveCfg = Release|Any CPU
		{05F85CD1-4F82-4775-9A45-42AA235CDEF6}.Release|Any CPU.Build.0 = Release|Any CPU
	EndGlobalSection
	GlobalSection(SolutionProperties) = preSolution
		HideSolutionNode = FALSE
	EndGlobalSection
	GlobalSection(ExtensibilityGlobals) = postSolution
		SolutionGuid = {BF3C7F4B-62F6-4D63-83D7-32B54F97AC05}
	EndGlobalSection
EndGlobal
