
Microsoft Visual Studio Solution File, Format Version 12.00
# Visual Studio Version 17
VisualStudioVersion = 17.8.34525.116
MinimumVisualStudioVersion = 10.0.40219.1
Project("{FAE04EC0-301F-11D3-BF4B-00C04F79EFBC}") = "EX18", "EX18.csproj", "{9CA2BC6C-8F18-4486-9A6C-BD315E438965}"
EndProject
Global
	GlobalSection(SolutionConfigurationPlatforms) = preSolution
		Debug|Any CPU = Debug|Any CPU
		Release|Any CPU = Release|Any CPU
	EndGlobalSection
	GlobalSection(ProjectConfigurationPlatforms) = postSolution
		{9CA2BC6C-8F18-4486-9A6C-BD315E438965}.Debug|Any CPU.ActiveCfg = Debug|Any CPU
		{9CA2BC6C-8F18-4486-9A6C-BD315E438965}.Debug|Any CPU.Build.0 = Debug|Any CPU
		{9CA2BC6C-8F18-4486-9A6C-BD315E438965}.Release|Any CPU.ActiveCfg = Release|Any CPU
		{9CA2BC6C-8F18-4486-9A6C-BD315E438965}.Release|Any CPU.Build.0 = Release|Any CPU
	EndGlobalSection
	GlobalSection(SolutionProperties) = preSolution
		HideSolutionNode = FALSE
	EndGlobalSection
	GlobalSection(ExtensibilityGlobals) = postSolution
		SolutionGuid = {B775D808-1DCB-4DD0-B0F0-A0CA7AA23684}
	EndGlobalSection
EndGlobal
