
Microsoft Visual Studio Solution File, Format Version 12.00
# Visual Studio Version 17
VisualStudioVersion = 17.8.34525.116
MinimumVisualStudioVersion = 10.0.40219.1
Project("{FAE04EC0-301F-11D3-BF4B-00C04F79EFBC}") = "EX7", "EX7.csproj", "{44C8E64F-E9FE-47AF-8797-53DD5D4EAAE5}"
EndProject
Global
	GlobalSection(SolutionConfigurationPlatforms) = preSolution
		Debug|Any CPU = Debug|Any CPU
		Release|Any CPU = Release|Any CPU
	EndGlobalSection
	GlobalSection(ProjectConfigurationPlatforms) = postSolution
		{44C8E64F-E9FE-47AF-8797-53DD5D4EAAE5}.Debug|Any CPU.ActiveCfg = Debug|Any CPU
		{44C8E64F-E9FE-47AF-8797-53DD5D4EAAE5}.Debug|Any CPU.Build.0 = Debug|Any CPU
		{44C8E64F-E9FE-47AF-8797-53DD5D4EAAE5}.Release|Any CPU.ActiveCfg = Release|Any CPU
		{44C8E64F-E9FE-47AF-8797-53DD5D4EAAE5}.Release|Any CPU.Build.0 = Release|Any CPU
	EndGlobalSection
	GlobalSection(SolutionProperties) = preSolution
		HideSolutionNode = FALSE
	EndGlobalSection
	GlobalSection(ExtensibilityGlobals) = postSolution
		SolutionGuid = {5C83342D-2163-4F6F-94D3-463712184229}
	EndGlobalSection
EndGlobal
