
Microsoft Visual Studio Solution File, Format Version 12.00
# Visual Studio Version 17
VisualStudioVersion = 17.8.34525.116
MinimumVisualStudioVersion = 10.0.40219.1
Project("{FAE04EC0-301F-11D3-BF4B-00C04F79EFBC}") = "EX17", "EX17.csproj", "{2EA17995-49F1-4DCC-A5B6-34CE6142D5A6}"
EndProject
Global
	GlobalSection(SolutionConfigurationPlatforms) = preSolution
		Debug|Any CPU = Debug|Any CPU
		Release|Any CPU = Release|Any CPU
	EndGlobalSection
	GlobalSection(ProjectConfigurationPlatforms) = postSolution
		{2EA17995-49F1-4DCC-A5B6-34CE6142D5A6}.Debug|Any CPU.ActiveCfg = Debug|Any CPU
		{2EA17995-49F1-4DCC-A5B6-34CE6142D5A6}.Debug|Any CPU.Build.0 = Debug|Any CPU
		{2EA17995-49F1-4DCC-A5B6-34CE6142D5A6}.Release|Any CPU.ActiveCfg = Release|Any CPU
		{2EA17995-49F1-4DCC-A5B6-34CE6142D5A6}.Release|Any CPU.Build.0 = Release|Any CPU
	EndGlobalSection
	GlobalSection(SolutionProperties) = preSolution
		HideSolutionNode = FALSE
	EndGlobalSection
	GlobalSection(ExtensibilityGlobals) = postSolution
		SolutionGuid = {18972F07-9BC0-4AE7-B5C7-68A2F1D476EF}
	EndGlobalSection
EndGlobal
