
Microsoft Visual Studio Solution File, Format Version 12.00
# Visual Studio Version 17
VisualStudioVersion = 17.8.34525.116
MinimumVisualStudioVersion = 10.0.40219.1
Project("{FAE04EC0-301F-11D3-BF4B-00C04F79EFBC}") = "EX8", "EX8.csproj", "{066E874B-92F4-417A-BD35-A6082FE31E4B}"
EndProject
Global
	GlobalSection(SolutionConfigurationPlatforms) = preSolution
		Debug|Any CPU = Debug|Any CPU
		Release|Any CPU = Release|Any CPU
	EndGlobalSection
	GlobalSection(ProjectConfigurationPlatforms) = postSolution
		{066E874B-92F4-417A-BD35-A6082FE31E4B}.Debug|Any CPU.ActiveCfg = Debug|Any CPU
		{066E874B-92F4-417A-BD35-A6082FE31E4B}.Debug|Any CPU.Build.0 = Debug|Any CPU
		{066E874B-92F4-417A-BD35-A6082FE31E4B}.Release|Any CPU.ActiveCfg = Release|Any CPU
		{066E874B-92F4-417A-BD35-A6082FE31E4B}.Release|Any CPU.Build.0 = Release|Any CPU
	EndGlobalSection
	GlobalSection(SolutionProperties) = preSolution
		HideSolutionNode = FALSE
	EndGlobalSection
	GlobalSection(ExtensibilityGlobals) = postSolution
		SolutionGuid = {2772C688-5A55-421D-B8B2-574995CF943B}
	EndGlobalSection
EndGlobal
