
Microsoft Visual Studio Solution File, Format Version 12.00
# Visual Studio Version 17
VisualStudioVersion = 17.8.34525.116
MinimumVisualStudioVersion = 10.0.40219.1
Project("{FAE04EC0-301F-11D3-BF4B-00C04F79EFBC}") = "EX13", "EX13.csproj", "{11ADAC27-55D0-4B4B-B8E4-1BA1E83CB18A}"
EndProject
Global
	GlobalSection(SolutionConfigurationPlatforms) = preSolution
		Debug|Any CPU = Debug|Any CPU
		Release|Any CPU = Release|Any CPU
	EndGlobalSection
	GlobalSection(ProjectConfigurationPlatforms) = postSolution
		{11ADAC27-55D0-4B4B-B8E4-1BA1E83CB18A}.Debug|Any CPU.ActiveCfg = Debug|Any CPU
		{11ADAC27-55D0-4B4B-B8E4-1BA1E83CB18A}.Debug|Any CPU.Build.0 = Debug|Any CPU
		{11ADAC27-55D0-4B4B-B8E4-1BA1E83CB18A}.Release|Any CPU.ActiveCfg = Release|Any CPU
		{11ADAC27-55D0-4B4B-B8E4-1BA1E83CB18A}.Release|Any CPU.Build.0 = Release|Any CPU
	EndGlobalSection
	GlobalSection(SolutionProperties) = preSolution
		HideSolutionNode = FALSE
	EndGlobalSection
	GlobalSection(ExtensibilityGlobals) = postSolution
		SolutionGuid = {256AB980-CBAE-4A7E-A630-1DEA720E8CAE}
	EndGlobalSection
EndGlobal
