
Microsoft Visual Studio Solution File, Format Version 12.00
# Visual Studio Version 17
VisualStudioVersion = 17.8.34525.116
MinimumVisualStudioVersion = 10.0.40219.1
Project("{FAE04EC0-301F-11D3-BF4B-00C04F79EFBC}") = "EX15", "EX15.csproj", "{2673F906-97FB-46F4-8A02-505EB4905C9D}"
EndProject
Global
	GlobalSection(SolutionConfigurationPlatforms) = preSolution
		Debug|Any CPU = Debug|Any CPU
		Release|Any CPU = Release|Any CPU
	EndGlobalSection
	GlobalSection(ProjectConfigurationPlatforms) = postSolution
		{2673F906-97FB-46F4-8A02-505EB4905C9D}.Debug|Any CPU.ActiveCfg = Debug|Any CPU
		{2673F906-97FB-46F4-8A02-505EB4905C9D}.Debug|Any CPU.Build.0 = Debug|Any CPU
		{2673F906-97FB-46F4-8A02-505EB4905C9D}.Release|Any CPU.ActiveCfg = Release|Any CPU
		{2673F906-97FB-46F4-8A02-505EB4905C9D}.Release|Any CPU.Build.0 = Release|Any CPU
	EndGlobalSection
	GlobalSection(SolutionProperties) = preSolution
		HideSolutionNode = FALSE
	EndGlobalSection
	GlobalSection(ExtensibilityGlobals) = postSolution
		SolutionGuid = {DBD2A7E2-1D77-4DF7-AA73-D8A0E3CB2D5D}
	EndGlobalSection
EndGlobal
